
Microsoft Visual Studio Solution File, Format Version 12.00
# Visual Studio Version 17
VisualStudioVersion = 17.7.34221.43
MinimumVisualStudioVersion = 10.0.40219.1
Project("{9A19103F-16F7-4668-BE54-9A1E7A4F7556}") = "ECommerce.API", "ECommerce.API\ECommerce.API.csproj", "{674C574A-1E7F-4BEB-93E6-37C5EFA643E0}"
EndProject
Project("{2150E333-8FDC-42A3-9474-1A3956D46DE8}") = "Domain", "Domain", "{C3733FF8-116B-41DC-9674-D7FBF0E2792A}"
EndProject
Project("{2150E333-8FDC-42A3-9474-1A3956D46DE8}") = "API", "API", "{B967C1D9-C328-4850-8471-9E6A7DC00FB4}"
EndProject
Project("{9A19103F-16F7-4668-BE54-9A1E7A4F7556}") = "ECommerce.Domain", "ECommerce.Domain\ECommerce.Domain.csproj", "{CBE0AB70-9538-40EF-9DCB-FBFF5B8A6B6C}"
EndProject
Project("{2150E333-8FDC-42A3-9474-1A3956D46DE8}") = "Infra", "Infra", "{06FD8963-8CA5-410C-B3F8-39A134E1354D}"
EndProject
Project("{9A19103F-16F7-4668-BE54-9A1E7A4F7556}") = "ECommerce.Infra.Data.EntityFramework", "ECommerce.Infra.Data.EntityFramework\ECommerce.Infra.Data.EntityFramework.csproj", "{44CD84BF-0F35-43EF-A629-EFE01750E38E}"
EndProject
Project("{9A19103F-16F7-4668-BE54-9A1E7A4F7556}") = "ECommerce.Infra.IoC", "ECommerce.Infra.IoC\ECommerce.Infra.IoC.csproj", "{B4778834-5B82-4AE8-BF81-A9115962E964}"
EndProject
Project("{2150E333-8FDC-42A3-9474-1A3956D46DE8}") = "Service", "Service", "{26EB5418-97E7-4F2A-A97C-E99B8FFD7C42}"
EndProject
Project("{9A19103F-16F7-4668-BE54-9A1E7A4F7556}") = "Ecommerce.TopShelfService", "Ecommerce.TopShelfService\Ecommerce.TopShelfService.csproj", "{112543C6-5936-486F-95CB-6A874613C690}"
EndProject
Project("{9A19103F-16F7-4668-BE54-9A1E7A4F7556}") = "ECommerce.ControleLogs", "ECommerce.ControleLogs\ECommerce.ControleLogs.csproj", "{E646F4D6-CFE1-4328-BB2F-1366E20098DA}"
EndProject
Project("{9A19103F-16F7-4668-BE54-9A1E7A4F7556}") = "ECommerce.Integracao.Domain", "ECommerce.Integracao.Domain\ECommerce.Integracao.Domain.csproj", "{3DCB5616-58A2-4A89-BE12-D33D2386473E}"
EndProject
Project("{2150E333-8FDC-42A3-9474-1A3956D46DE8}") = "Tests", "Tests", "{A538C2E9-3F2D-4AB6-B8C4-7213144C1567}"
EndProject
Project("{FAE04EC0-301F-11D3-BF4B-00C04F79EFBC}") = "ECommerce.Domain.Tests", "ECommerce.Domain.Tests\ECommerce.Domain.Tests.csproj", "{841B3854-F80E-4B1E-A81C-5260BAD3789E}"
EndProject
Global
	GlobalSection(SolutionConfigurationPlatforms) = preSolution
		Debug|Any CPU = Debug|Any CPU
		Release|Any CPU = Release|Any CPU
	EndGlobalSection
	GlobalSection(ProjectConfigurationPlatforms) = postSolution
		{674C574A-1E7F-4BEB-93E6-37C5EFA643E0}.Debug|Any CPU.ActiveCfg = Debug|Any CPU
		{674C574A-1E7F-4BEB-93E6-37C5EFA643E0}.Debug|Any CPU.Build.0 = Debug|Any CPU
		{674C574A-1E7F-4BEB-93E6-37C5EFA643E0}.Release|Any CPU.ActiveCfg = Release|Any CPU
		{674C574A-1E7F-4BEB-93E6-37C5EFA643E0}.Release|Any CPU.Build.0 = Release|Any CPU
		{CBE0AB70-9538-40EF-9DCB-FBFF5B8A6B6C}.Debug|Any CPU.ActiveCfg = Debug|Any CPU
		{CBE0AB70-9538-40EF-9DCB-FBFF5B8A6B6C}.Debug|Any CPU.Build.0 = Debug|Any CPU
		{CBE0AB70-9538-40EF-9DCB-FBFF5B8A6B6C}.Release|Any CPU.ActiveCfg = Release|Any CPU
		{CBE0AB70-9538-40EF-9DCB-FBFF5B8A6B6C}.Release|Any CPU.Build.0 = Release|Any CPU
		{44CD84BF-0F35-43EF-A629-EFE01750E38E}.Debug|Any CPU.ActiveCfg = Debug|Any CPU
		{44CD84BF-0F35-43EF-A629-EFE01750E38E}.Debug|Any CPU.Build.0 = Debug|Any CPU
		{44CD84BF-0F35-43EF-A629-EFE01750E38E}.Release|Any CPU.ActiveCfg = Release|Any CPU
		{44CD84BF-0F35-43EF-A629-EFE01750E38E}.Release|Any CPU.Build.0 = Release|Any CPU
		{B4778834-5B82-4AE8-BF81-A9115962E964}.Debug|Any CPU.ActiveCfg = Debug|Any CPU
		{B4778834-5B82-4AE8-BF81-A9115962E964}.Debug|Any CPU.Build.0 = Debug|Any CPU
		{B4778834-5B82-4AE8-BF81-A9115962E964}.Release|Any CPU.ActiveCfg = Release|Any CPU
		{B4778834-5B82-4AE8-BF81-A9115962E964}.Release|Any CPU.Build.0 = Release|Any CPU
		{112543C6-5936-486F-95CB-6A874613C690}.Debug|Any CPU.ActiveCfg = Debug|Any CPU
		{112543C6-5936-486F-95CB-6A874613C690}.Debug|Any CPU.Build.0 = Debug|Any CPU
		{112543C6-5936-486F-95CB-6A874613C690}.Release|Any CPU.ActiveCfg = Release|Any CPU
		{112543C6-5936-486F-95CB-6A874613C690}.Release|Any CPU.Build.0 = Release|Any CPU
		{E646F4D6-CFE1-4328-BB2F-1366E20098DA}.Debug|Any CPU.ActiveCfg = Debug|Any CPU
		{E646F4D6-CFE1-4328-BB2F-1366E20098DA}.Debug|Any CPU.Build.0 = Debug|Any CPU
		{E646F4D6-CFE1-4328-BB2F-1366E20098DA}.Release|Any CPU.ActiveCfg = Release|Any CPU
		{E646F4D6-CFE1-4328-BB2F-1366E20098DA}.Release|Any CPU.Build.0 = Release|Any CPU
		{3DCB5616-58A2-4A89-BE12-D33D2386473E}.Debug|Any CPU.ActiveCfg = Debug|Any CPU
		{3DCB5616-58A2-4A89-BE12-D33D2386473E}.Debug|Any CPU.Build.0 = Debug|Any CPU
		{3DCB5616-58A2-4A89-BE12-D33D2386473E}.Release|Any CPU.ActiveCfg = Release|Any CPU
		{3DCB5616-58A2-4A89-BE12-D33D2386473E}.Release|Any CPU.Build.0 = Release|Any CPU
		{841B3854-F80E-4B1E-A81C-5260BAD3789E}.Debug|Any CPU.ActiveCfg = Debug|Any CPU
		{841B3854-F80E-4B1E-A81C-5260BAD3789E}.Debug|Any CPU.Build.0 = Debug|Any CPU
		{841B3854-F80E-4B1E-A81C-5260BAD3789E}.Release|Any CPU.ActiveCfg = Release|Any CPU
		{841B3854-F80E-4B1E-A81C-5260BAD3789E}.Release|Any CPU.Build.0 = Release|Any CPU
	EndGlobalSection
	GlobalSection(SolutionProperties) = preSolution
		HideSolutionNode = FALSE
	EndGlobalSection
	GlobalSection(NestedProjects) = preSolution
		{674C574A-1E7F-4BEB-93E6-37C5EFA643E0} = {B967C1D9-C328-4850-8471-9E6A7DC00FB4}
		{CBE0AB70-9538-40EF-9DCB-FBFF5B8A6B6C} = {C3733FF8-116B-41DC-9674-D7FBF0E2792A}
		{44CD84BF-0F35-43EF-A629-EFE01750E38E} = {06FD8963-8CA5-410C-B3F8-39A134E1354D}
		{B4778834-5B82-4AE8-BF81-A9115962E964} = {06FD8963-8CA5-410C-B3F8-39A134E1354D}
		{112543C6-5936-486F-95CB-6A874613C690} = {26EB5418-97E7-4F2A-A97C-E99B8FFD7C42}
		{3DCB5616-58A2-4A89-BE12-D33D2386473E} = {C3733FF8-116B-41DC-9674-D7FBF0E2792A}
		{841B3854-F80E-4B1E-A81C-5260BAD3789E} = {A538C2E9-3F2D-4AB6-B8C4-7213144C1567}
	EndGlobalSection
	GlobalSection(ExtensibilityGlobals) = postSolution
		SolutionGuid = {306A170E-5E6C-4349-85FA-285FC2C7A1FC}
	EndGlobalSection
EndGlobal
